{
    "version": 3,
    "terraform_version": "0.11.13",
    "serial": 11,
    "lineage": "b683c986-9e67-ed48-c3dd-45ea1425402d",
    "modules": [
        {
            "path": [
                "root"
            ],
            "outputs": {},
            "resources": {
                "aws_iam_instance_profile.sGUpdate": {
                    "type": "aws_iam_instance_profile",
                    "depends_on": [
                        "aws_iam_role.sGUpdate"
                    ],
                    "primary": {
                        "id": "sGUpdate",
                        "attributes": {
                            "arn": "arn:aws:iam::683952022883:instance-profile/sGUpdate",
                            "create_date": "2019-04-19T08:17:09Z",
                            "id": "sGUpdate",
                            "name": "sGUpdate",
                            "path": "/",
                            "role": "sGUpdate",
                            "roles.#": "1",
                            "roles.3894055680": "sGUpdate",
                            "unique_id": "AIPAZ6PVXUVR62VBUADBP"
                        },
                        "meta": {},
                        "tainted": false
                    },
                    "deposed": [],
                    "provider": "provider.aws"
                },
                "aws_iam_role.sGUpdate": {
                    "type": "aws_iam_role",
                    "depends_on": [],
                    "primary": {
                        "id": "sGUpdate",
                        "attributes": {
                            "arn": "arn:aws:iam::683952022883:role/sGUpdate",
                            "assume_role_policy": "{\"Version\":\"2012-10-17\",\"Statement\":[{\"Sid\":\"\",\"Effect\":\"Allow\",\"Principal\":{\"Service\":\"lambda.amazonaws.com\"},\"Action\":\"sts:AssumeRole\"}]}",
                            "create_date": "2019-04-19T08:17:08Z",
                            "description": "",
                            "force_detach_policies": "false",
                            "id": "sGUpdate",
                            "max_session_duration": "3600",
                            "name": "sGUpdate",
                            "path": "/",
                            "tags.%": "0",
                            "unique_id": "AROAZ6PVXUVRWK54GCREM"
                        },
                        "meta": {},
                        "tainted": false
                    },
                    "deposed": [],
                    "provider": "provider.aws"
                },
                "aws_iam_role_policy.sGUpdate": {
                    "type": "aws_iam_role_policy",
                    "depends_on": [
                        "aws_iam_role.sGUpdate"
                    ],
                    "primary": {
                        "id": "sGUpdate:sGUpdate",
                        "attributes": {
                            "id": "sGUpdate:sGUpdate",
                            "name": "sGUpdate",
                            "policy": "{\n    \"Version\": \"2012-10-17\",\n    \"Statement\": [\n        {\n            \"Effect\": \"Allow\",\n            \"Action\": [\n                \"logs:CreateLogGroup\",\n                \"logs:CreateLogStream\",\n                \"logs:PutLogEvents\"\n            ],\n            \"Resource\": \"arn:aws:logs:*:*:*\"\n        },\n        {\n            \"Effect\": \"Allow\",\n            \"Action\": [\n                \"ec2:DescribeSecurityGroups\",\n                \"ec2:AuthorizeSecurityGroupIngress\",\n                \"ec2:RevokeSecurityGroupIngress\"\n            ],\n            \"Resource\": \"*\"\n        }\n    ]\n}\n",
                            "role": "sGUpdate"
                        },
                        "meta": {},
                        "tainted": false
                    },
                    "deposed": [],
                    "provider": "provider.aws"
                },
                "aws_lambda_function.sGUpdate": {
                    "type": "aws_lambda_function",
                    "depends_on": [
                        "aws_iam_role.sGUpdate"
                    ],
                    "primary": {
                        "id": "updateSGAWS",
                        "attributes": {
                            "arn": "arn:aws:lambda:us-west-2:683952022883:function:updateSGAWS",
                            "dead_letter_config.#": "0",
                            "description": "",
                            "environment.#": "0",
                            "filename": "function.zip",
                            "function_name": "updateSGAWS",
                            "handler": "updateSGAWS.lambda_handler",
                            "id": "updateSGAWS",
                            "invoke_arn": "arn:aws:apigateway:us-west-2:lambda:path/2015-03-31/functions/arn:aws:lambda:us-west-2:683952022883:function:updateSGAWS/invocations",
                            "kms_key_arn": "",
                            "last_modified": "2019-04-19T08:37:15.757+0000",
                            "layers.#": "0",
                            "memory_size": "128",
                            "publish": "false",
                            "qualified_arn": "arn:aws:lambda:us-west-2:683952022883:function:updateSGAWS:$LATEST",
                            "reserved_concurrent_executions": "-1",
                            "role": "arn:aws:iam::683952022883:role/sGUpdate",
                            "runtime": "python2.7",
                            "source_code_hash": "c1+0iESxvYWWALUSjoSEcvCkNk6kRiVQOy7IIfR2LCw=",
                            "source_code_size": "8139885",
                            "tags.%": "0",
                            "timeout": "15",
                            "tracing_config.#": "1",
                            "tracing_config.0.mode": "PassThrough",
                            "version": "$LATEST",
                            "vpc_config.#": "0"
                        },
                        "meta": {
                            "e2bfb730-ecaa-11e6-8f88-34363bc7c4c0": {
                                "create": 600000000000
                            }
                        },
                        "tainted": false
                    },
                    "deposed": [],
                    "provider": "provider.aws"
                },
                "aws_security_group.cloudfront_g": {
                    "type": "aws_security_group",
                    "depends_on": [],
                    "primary": {
                        "id": "sg-06a896656dc889024",
                        "attributes": {
                            "arn": "arn:aws:ec2:us-west-2:683952022883:security-group/sg-06a896656dc889024",
                            "description": "security group that is autoupdated with appropriate ingress rules for IPs belonging to the GLOBAL edge locations",
                            "egress.#": "0",
                            "id": "sg-06a896656dc889024",
                            "ingress.#": "0",
                            "name": "cloudfront_g",
                            "owner_id": "683952022883",
                            "revoke_rules_on_delete": "false",
                            "tags.%": "0",
                            "vpc_id": "vpc-75abd212"
                        },
                        "meta": {
                            "e2bfb730-ecaa-11e6-8f88-34363bc7c4c0": {
                                "create": 600000000000,
                                "delete": 600000000000
                            },
                            "schema_version": "1"
                        },
                        "tainted": false
                    },
                    "deposed": [],
                    "provider": "provider.aws"
                },
                "aws_security_group.cloudfront_r": {
                    "type": "aws_security_group",
                    "depends_on": [],
                    "primary": {
                        "id": "sg-01a8f8cb116c8fc0b",
                        "attributes": {
                            "arn": "arn:aws:ec2:us-west-2:683952022883:security-group/sg-01a8f8cb116c8fc0b",
                            "description": "security group that is autoupdated with appropriate ingress rules for IPs belonging to the REGIONAL edge locations",
                            "egress.#": "0",
                            "id": "sg-01a8f8cb116c8fc0b",
                            "ingress.#": "0",
                            "name": "cloudfront_r",
                            "owner_id": "683952022883",
                            "revoke_rules_on_delete": "false",
                            "tags.%": "0",
                            "vpc_id": "vpc-75abd212"
                        },
                        "meta": {
                            "e2bfb730-ecaa-11e6-8f88-34363bc7c4c0": {
                                "create": 600000000000,
                                "delete": 600000000000
                            },
                            "schema_version": "1"
                        },
                        "tainted": false
                    },
                    "deposed": [],
                    "provider": "provider.aws"
                },
                "aws_sns_topic.sGUpdate": {
                    "type": "aws_sns_topic",
                    "depends_on": [],
                    "primary": {
                        "id": "arn:aws:sns:us-west-2:683952022883:sGUpdate",
                        "attributes": {
                            "application_failure_feedback_role_arn": "",
                            "application_success_feedback_role_arn": "",
                            "application_success_feedback_sample_rate": "0",
                            "arn": "arn:aws:sns:us-west-2:683952022883:sGUpdate",
                            "delivery_policy": "",
                            "display_name": "",
                            "http_failure_feedback_role_arn": "",
                            "http_success_feedback_role_arn": "",
                            "http_success_feedback_sample_rate": "0",
                            "id": "arn:aws:sns:us-west-2:683952022883:sGUpdate",
                            "kms_master_key_id": "",
                            "lambda_failure_feedback_role_arn": "",
                            "lambda_success_feedback_role_arn": "",
                            "lambda_success_feedback_sample_rate": "0",
                            "name": "sGUpdate",
                            "policy": "{\"Version\":\"2008-10-17\",\"Id\":\"__default_policy_ID\",\"Statement\":[{\"Sid\":\"__default_statement_ID\",\"Effect\":\"Allow\",\"Principal\":{\"AWS\":\"*\"},\"Action\":[\"SNS:GetTopicAttributes\",\"SNS:SetTopicAttributes\",\"SNS:AddPermission\",\"SNS:RemovePermission\",\"SNS:DeleteTopic\",\"SNS:Subscribe\",\"SNS:ListSubscriptionsByTopic\",\"SNS:Publish\",\"SNS:Receive\"],\"Resource\":\"arn:aws:sns:us-west-2:683952022883:sGUpdate\",\"Condition\":{\"StringEquals\":{\"AWS:SourceOwner\":\"683952022883\"}}}]}",
                            "sqs_failure_feedback_role_arn": "",
                            "sqs_success_feedback_role_arn": "",
                            "sqs_success_feedback_sample_rate": "0"
                        },
                        "meta": {},
                        "tainted": false
                    },
                    "deposed": [],
                    "provider": "provider.aws"
                },
                "aws_sns_topic_subscription.sGUpdate": {
                    "type": "aws_sns_topic_subscription",
                    "depends_on": [
                        "aws_lambda_function.sGUpdate",
                        "aws_sns_topic.sGUpdate"
                    ],
                    "primary": {
                        "id": "arn:aws:sns:us-west-2:683952022883:sGUpdate:d69820e4-0050-4b31-9603-e390fe576bc1",
                        "attributes": {
                            "arn": "arn:aws:sns:us-west-2:683952022883:sGUpdate:d69820e4-0050-4b31-9603-e390fe576bc1",
                            "confirmation_timeout_in_minutes": "1",
                            "delivery_policy": "",
                            "endpoint": "arn:aws:lambda:us-west-2:683952022883:function:updateSGAWS",
                            "endpoint_auto_confirms": "false",
                            "filter_policy": "",
                            "id": "arn:aws:sns:us-west-2:683952022883:sGUpdate:d69820e4-0050-4b31-9603-e390fe576bc1",
                            "protocol": "lambda",
                            "raw_message_delivery": "false",
                            "topic_arn": "arn:aws:sns:us-west-2:683952022883:sGUpdate"
                        },
                        "meta": {},
                        "tainted": false
                    },
                    "deposed": [],
                    "provider": "provider.aws"
                }
            },
            "depends_on": []
        }
    ]
}
