{
    "version": 3,
    "terraform_version": "0.11.2",
    "serial": 43,
    "lineage": "c2faf7df-03aa-4185-8519-2582ba5826bf",
    "modules": [
        {
            "path": [
                "root"
            ],
            "outputs": {},
            "resources": {
                "aws_ami_from_instance.wp_golden": {
                    "type": "aws_ami_from_instance",
                    "depends_on": [
                        "aws_instance.wp_dev",
                        "aws_s3_bucket.code",
                        "random_id.golden_ami"
                    ],
                    "primary": {
                        "id": "ami-0783045479f27b5b1",
                        "attributes": {
                            "architecture": "x86_64",
                            "description": "",
                            "ebs_block_device.#": "1",
                            "ebs_block_device.1105964504.delete_on_termination": "true",
                            "ebs_block_device.1105964504.device_name": "/dev/sda1",
                            "ebs_block_device.1105964504.encrypted": "false",
                            "ebs_block_device.1105964504.iops": "0",
                            "ebs_block_device.1105964504.snapshot_id": "snap-0d5e77048332f74a5",
                            "ebs_block_device.1105964504.volume_size": "10",
                            "ebs_block_device.1105964504.volume_type": "gp2",
                            "ena_support": "true",
                            "ephemeral_block_device.#": "0",
                            "id": "ami-0783045479f27b5b1",
                            "image_location": "853478862516/wp_ami-uFQe8NdHLqs",
                            "kernel_id": "",
                            "manage_ebs_snapshots": "true",
                            "name": "wp_ami-uFQe8NdHLqs",
                            "ramdisk_id": "",
                            "root_device_name": "/dev/sda1",
                            "root_snapshot_id": "snap-0d5e77048332f74a5",
                            "source_instance_id": "i-0ab48c7c6be7357b3",
                            "sriov_net_support": "simple",
                            "tags.%": "0",
                            "virtualization_type": "hvm"
                        },
                        "meta": {
                            "e2bfb730-ecaa-11e6-8f88-34363bc7c4c0": {
                                "create": 2400000000000,
                                "delete": 5400000000000,
                                "update": 2400000000000
                            }
                        },
                        "tainted": false
                    },
                    "deposed": [],
                    "provider": "provider.aws"
                },
                "aws_autoscaling_group.wp_asg": {
                    "type": "aws_autoscaling_group",
                    "depends_on": [
                        "aws_elb.wp_elb",
                        "aws_launch_configuration.wp_lc",
                        "aws_subnet.wp_private1_subnet",
                        "aws_subnet.wp_private2_subnet"
                    ],
                    "primary": {
                        "id": "asg-wp_lc-20190121204349368200000004",
                        "attributes": {
                            "arn": "arn:aws:autoscaling:us-west-2:853478862516:autoScalingGroup:9dcefde3-72c5-4108-bf35-63975274e2d3:autoScalingGroupName/asg-wp_lc-20190121204349368200000004",
                            "availability_zones.#": "2",
                            "availability_zones.221770259": "us-west-2b",
                            "availability_zones.2487133097": "us-west-2a",
                            "default_cooldown": "300",
                            "desired_capacity": "2",
                            "enabled_metrics.#": "0",
                            "force_delete": "true",
                            "health_check_grace_period": "300",
                            "health_check_type": "EC2",
                            "id": "asg-wp_lc-20190121204349368200000004",
                            "launch_configuration": "wp_lc-20190121204349368200000004",
                            "launch_template.#": "0",
                            "load_balancers.#": "1",
                            "load_balancers.2864243840": "whereyouwant2-elb",
                            "max_size": "2",
                            "metrics_granularity": "1Minute",
                            "min_size": "1",
                            "mixed_instances_policy.#": "0",
                            "name": "asg-wp_lc-20190121204349368200000004",
                            "placement_group": "",
                            "protect_from_scale_in": "false",
                            "service_linked_role_arn": "arn:aws:iam::853478862516:role/aws-service-role/autoscaling.amazonaws.com/AWSServiceRoleForAutoScaling",
                            "suspended_processes.#": "0",
                            "tag.#": "1",
                            "tag.673706737.key": "Name",
                            "tag.673706737.propagate_at_launch": "true",
                            "tag.673706737.value": "wp_asg-instance",
                            "target_group_arns.#": "0",
                            "termination_policies.#": "0",
                            "vpc_zone_identifier.#": "2",
                            "vpc_zone_identifier.1442089984": "subnet-0bc1e7be400407a19",
                            "vpc_zone_identifier.2655065406": "subnet-0dc1acdaccd4c1e95",
                            "wait_for_capacity_timeout": "10m"
                        },
                        "meta": {
                            "e2bfb730-ecaa-11e6-8f88-34363bc7c4c0": {
                                "delete": 600000000000
                            }
                        },
                        "tainted": false
                    },
                    "deposed": [],
                    "provider": "provider.aws"
                },
                "aws_db_instance.wp_db": {
                    "type": "aws_db_instance",
                    "depends_on": [
                        "aws_db_subnet_group.wp_rds_subnetgroup",
                        "aws_security_group.wp_rds_sg"
                    ],
                    "primary": {
                        "id": "terraform-20190121203747492000000003",
                        "attributes": {
                            "address": "terraform-20190121203747492000000003.cmtkauabtg67.us-west-2.rds.amazonaws.com",
                            "allocated_storage": "10",
                            "arn": "arn:aws:rds:us-west-2:853478862516:db:terraform-20190121203747492000000003",
                            "auto_minor_version_upgrade": "true",
                            "availability_zone": "us-west-2c",
                            "backup_retention_period": "0",
                            "backup_window": "07:33-08:03",
                            "ca_cert_identifier": "rds-ca-2015",
                            "copy_tags_to_snapshot": "false",
                            "db_subnet_group_name": "wp_rds_subnetgroup",
                            "deletion_protection": "false",
                            "domain": "",
                            "domain_iam_role_name": "",
                            "enabled_cloudwatch_logs_exports.#": "0",
                            "endpoint": "terraform-20190121203747492000000003.cmtkauabtg67.us-west-2.rds.amazonaws.com:3306",
                            "engine": "mysql",
                            "engine_version": "5.7.23",
                            "hosted_zone_id": "Z1PVIF0B656C1W",
                            "iam_database_authentication_enabled": "false",
                            "id": "terraform-20190121203747492000000003",
                            "identifier": "terraform-20190121203747492000000003",
                            "instance_class": "db.t2.micro",
                            "iops": "0",
                            "kms_key_id": "",
                            "license_model": "general-public-license",
                            "maintenance_window": "sat:12:59-sat:13:29",
                            "monitoring_interval": "0",
                            "multi_az": "false",
                            "name": "superherodb",
                            "option_group_name": "default:mysql-5-7",
                            "parameter_group_name": "default.mysql5.7",
                            "password": "superheropass",
                            "port": "3306",
                            "publicly_accessible": "false",
                            "replicas.#": "0",
                            "replicate_source_db": "",
                            "resource_id": "db-VZ2S34TDLXRERZ3BLTWTWO4WCY",
                            "security_group_names.#": "0",
                            "skip_final_snapshot": "true",
                            "status": "available",
                            "storage_encrypted": "false",
                            "storage_type": "gp2",
                            "tags.%": "0",
                            "timezone": "",
                            "username": "superhero",
                            "vpc_security_group_ids.#": "1",
                            "vpc_security_group_ids.2617888294": "sg-0c32e68f2acec136b"
                        },
                        "meta": {
                            "e2bfb730-ecaa-11e6-8f88-34363bc7c4c0": {
                                "create": 2400000000000,
                                "delete": 2400000000000,
                                "update": 4800000000000
                            }
                        },
                        "tainted": false
                    },
                    "deposed": [],
                    "provider": "provider.aws"
                },
                "aws_db_subnet_group.wp_rds_subnetgroup": {
                    "type": "aws_db_subnet_group",
                    "depends_on": [
                        "aws_subnet.wp_rds1_subnet",
                        "aws_subnet.wp_rds2_subnet",
                        "aws_subnet.wp_rds3_subnet"
                    ],
                    "primary": {
                        "id": "wp_rds_subnetgroup",
                        "attributes": {
                            "arn": "arn:aws:rds:us-west-2:853478862516:subgrp:wp_rds_subnetgroup",
                            "description": "Managed by Terraform",
                            "id": "wp_rds_subnetgroup",
                            "name": "wp_rds_subnetgroup",
                            "subnet_ids.#": "3",
                            "subnet_ids.1693743932": "subnet-0abbf8bc96f86290f",
                            "subnet_ids.239620657": "subnet-0e1648382eccb0a40",
                            "subnet_ids.672546457": "subnet-09ba072ffe918bfea",
                            "tags.%": "1",
                            "tags.Name": "wp_rds_sng"
                        },
                        "meta": {},
                        "tainted": false
                    },
                    "deposed": [],
                    "provider": "provider.aws"
                },
                "aws_default_route_table.wp_private_rt": {
                    "type": "aws_default_route_table",
                    "depends_on": [
                        "aws_vpc.wp_vpc"
                    ],
                    "primary": {
                        "id": "rtb-0ee28c1fa8787d36d",
                        "attributes": {
                            "default_route_table_id": "rtb-0ee28c1fa8787d36d",
                            "id": "rtb-0ee28c1fa8787d36d",
                            "owner_id": "853478862516",
                            "propagating_vgws.#": "0",
                            "route.#": "0",
                            "tags.%": "1",
                            "tags.Name": "wp_private",
                            "vpc_id": "vpc-06e4fd2c886eda708"
                        },
                        "meta": {},
                        "tainted": false
                    },
                    "deposed": [],
                    "provider": "provider.aws"
                },
                "aws_elb.wp_elb": {
                    "type": "aws_elb",
                    "depends_on": [
                        "aws_security_group.wp_public_sg",
                        "aws_subnet.wp_public1_subnet",
                        "aws_subnet.wp_public2_subnet"
                    ],
                    "primary": {
                        "id": "whereyouwant2-elb",
                        "attributes": {
                            "access_logs.#": "0",
                            "arn": "arn:aws:elasticloadbalancing:us-west-2:853478862516:loadbalancer/whereyouwant2-elb",
                            "availability_zones.#": "2",
                            "availability_zones.221770259": "us-west-2b",
                            "availability_zones.2487133097": "us-west-2a",
                            "connection_draining": "true",
                            "connection_draining_timeout": "400",
                            "cross_zone_load_balancing": "true",
                            "dns_name": "whereyouwant2-elb-2135718091.us-west-2.elb.amazonaws.com",
                            "health_check.#": "1",
                            "health_check.0.healthy_threshold": "2",
                            "health_check.0.interval": "30",
                            "health_check.0.target": "TCP:80",
                            "health_check.0.timeout": "3",
                            "health_check.0.unhealthy_threshold": "2",
                            "id": "whereyouwant2-elb",
                            "idle_timeout": "400",
                            "instances.#": "2",
                            "instances.2844628613": "i-09902e3167d90311b",
                            "instances.3273757530": "i-02e0515ff9991a406",
                            "internal": "false",
                            "listener.#": "1",
                            "listener.3057123346.instance_port": "80",
                            "listener.3057123346.instance_protocol": "http",
                            "listener.3057123346.lb_port": "80",
                            "listener.3057123346.lb_protocol": "http",
                            "listener.3057123346.ssl_certificate_id": "",
                            "name": "whereyouwant2-elb",
                            "security_groups.#": "1",
                            "security_groups.342851078": "sg-0717e65172f5de588",
                            "source_security_group": "853478862516/wp_public_sg",
                            "source_security_group_id": "sg-0717e65172f5de588",
                            "subnets.#": "2",
                            "subnets.4261178577": "subnet-083185785f8e02d22",
                            "subnets.587145775": "subnet-03b3ab2eca00e3f35",
                            "tags.%": "1",
                            "tags.Name": "wp_whereyouwant2-elb",
                            "zone_id": "Z1H1FL5HABSF5"
                        },
                        "meta": {},
                        "tainted": false
                    },
                    "deposed": [],
                    "provider": "provider.aws"
                },
                "aws_iam_instance_profile.s3_access_profile": {
                    "type": "aws_iam_instance_profile",
                    "depends_on": [
                        "aws_iam_role.s3_access_role"
                    ],
                    "primary": {
                        "id": "s3_access",
                        "attributes": {
                            "arn": "arn:aws:iam::853478862516:instance-profile/s3_access",
                            "create_date": "2019-01-21T20:37:41Z",
                            "id": "s3_access",
                            "name": "s3_access",
                            "path": "/",
                            "role": "s3_access_role",
                            "roles.#": "1",
                            "roles.2044655173": "s3_access_role",
                            "unique_id": "AIPAJY72YRNKEFOP3BFMQ"
                        },
                        "meta": {},
                        "tainted": false
                    },
                    "deposed": [],
                    "provider": "provider.aws"
                },
                "aws_iam_role.s3_access_role": {
                    "type": "aws_iam_role",
                    "depends_on": [],
                    "primary": {
                        "id": "s3_access_role",
                        "attributes": {
                            "arn": "arn:aws:iam::853478862516:role/s3_access_role",
                            "assume_role_policy": "{\"Version\":\"2012-10-17\",\"Statement\":[{\"Sid\":\"\",\"Effect\":\"Allow\",\"Principal\":{\"Service\":\"ec2.amazonaws.com\"},\"Action\":\"sts:AssumeRole\"}]}",
                            "create_date": "2019-01-21T20:37:40Z",
                            "description": "",
                            "force_detach_policies": "false",
                            "id": "s3_access_role",
                            "max_session_duration": "3600",
                            "name": "s3_access_role",
                            "path": "/",
                            "tags.%": "0",
                            "unique_id": "AROAJOBAN3PGZ5Q45ERBE"
                        },
                        "meta": {},
                        "tainted": false
                    },
                    "deposed": [],
                    "provider": "provider.aws"
                },
                "aws_iam_role_policy.s3_access_policy": {
                    "type": "aws_iam_role_policy",
                    "depends_on": [
                        "aws_iam_role.s3_access_role"
                    ],
                    "primary": {
                        "id": "s3_access_role:s3_access_policy",
                        "attributes": {
                            "id": "s3_access_role:s3_access_policy",
                            "name": "s3_access_policy",
                            "policy": "{\n  \"Version\": \"2012-10-17\",\n  \"Statement\": [\n    {\n      \"Effect\": \"Allow\",\n      \"Action\": \"s3:*\",\n      \"Resource\": \"*\"\n    }\n  ]\n}\n",
                            "role": "s3_access_role"
                        },
                        "meta": {},
                        "tainted": false
                    },
                    "deposed": [],
                    "provider": "provider.aws"
                },
                "aws_instance.wp_dev": {
                    "type": "aws_instance",
                    "depends_on": [
                        "aws_iam_instance_profile.s3_access_profile",
                        "aws_key_pair.wp_auth",
                        "aws_s3_bucket.code",
                        "aws_security_group.wp_dev_sg",
                        "aws_subnet.wp_public1_subnet"
                    ],
                    "primary": {
                        "id": "i-0ab48c7c6be7357b3",
                        "attributes": {
                            "ami": "ami-036affea69a1101c9",
                            "arn": "arn:aws:ec2:us-west-2:853478862516:instance/i-0ab48c7c6be7357b3",
                            "associate_public_ip_address": "true",
                            "availability_zone": "us-west-2a",
                            "cpu_core_count": "1",
                            "cpu_threads_per_core": "1",
                            "credit_specification.#": "1",
                            "credit_specification.0.cpu_credits": "standard",
                            "disable_api_termination": "false",
                            "ebs_block_device.#": "0",
                            "ebs_optimized": "false",
                            "ephemeral_block_device.#": "0",
                            "get_password_data": "false",
                            "iam_instance_profile": "s3_access",
                            "id": "i-0ab48c7c6be7357b3",
                            "instance_state": "running",
                            "instance_type": "t2.micro",
                            "ipv6_addresses.#": "0",
                            "key_name": "kryptonite",
                            "monitoring": "false",
                            "network_interface.#": "0",
                            "network_interface_id": "eni-024f9534a450e256d",
                            "password_data": "",
                            "placement_group": "",
                            "primary_network_interface_id": "eni-024f9534a450e256d",
                            "private_dns": "ip-10-0-1-152.us-west-2.compute.internal",
                            "private_ip": "10.0.1.152",
                            "public_dns": "ec2-54-70-235-92.us-west-2.compute.amazonaws.com",
                            "public_ip": "54.70.235.92",
                            "root_block_device.#": "1",
                            "root_block_device.0.delete_on_termination": "true",
                            "root_block_device.0.iops": "100",
                            "root_block_device.0.volume_id": "vol-011be809c01f4c757",
                            "root_block_device.0.volume_size": "10",
                            "root_block_device.0.volume_type": "gp2",
                            "security_groups.#": "0",
                            "source_dest_check": "true",
                            "subnet_id": "subnet-03b3ab2eca00e3f35",
                            "tags.%": "1",
                            "tags.Name": "wp_dev",
                            "tenancy": "default",
                            "volume_tags.%": "0",
                            "vpc_security_group_ids.#": "1",
                            "vpc_security_group_ids.1665642569": "sg-02de2c9d2ee4b307c"
                        },
                        "meta": {
                            "e2bfb730-ecaa-11e6-8f88-34363bc7c4c0": {
                                "create": 600000000000,
                                "delete": 1200000000000,
                                "update": 600000000000
                            },
                            "schema_version": "1"
                        },
                        "tainted": false
                    },
                    "deposed": [],
                    "provider": "provider.aws"
                },
                "aws_internet_gateway.wp_internet_gateway": {
                    "type": "aws_internet_gateway",
                    "depends_on": [
                        "aws_vpc.wp_vpc"
                    ],
                    "primary": {
                        "id": "igw-0d0fc7721499a8078",
                        "attributes": {
                            "id": "igw-0d0fc7721499a8078",
                            "owner_id": "853478862516",
                            "tags.%": "1",
                            "tags.Name": "wp_igw",
                            "vpc_id": "vpc-06e4fd2c886eda708"
                        },
                        "meta": {},
                        "tainted": false
                    },
                    "deposed": [],
                    "provider": "provider.aws"
                },
                "aws_key_pair.wp_auth": {
                    "type": "aws_key_pair",
                    "depends_on": [],
                    "primary": {
                        "id": "kryptonite",
                        "attributes": {
                            "fingerprint": "e5:d1:6e:bf:3d:17:ae:bd:25:03:ac:bc:2e:99:34:7f",
                            "id": "kryptonite",
                            "key_name": "kryptonite",
                            "public_key": "ssh-rsa AAAAB3NzaC1yc2EAAAADAQABAAABAQChw9cFvKFOxuEoVBx0bCR2aT0FWLAFpVcTsSTEGG79NkxfbsAxEHZ3tr8V+dSNGSuuf58xxi355r7kTiKWlXB8YHF3mP+Hxm4zSTkYbX2F07vWuGBh2AuATYLsEAQVqWEJrLAxDc95row2r+4+BSUNpMK4dgYRkuBYJgYM3rgwLm1CmL7cYcrId8MFj4ALfB9A8hnCYmBT5Iu1V+sm8/WfKljds8lRheFx2fqd8Lo6EG30fn7SqNVs1lFtvCPSZJ65vA4pDGD3qttu9ebuqClBRKRQ45bHdKqcwwO2SmFNsRIPfNupY1CPqktR2lCmvJXi4zWmrjayDu6nIdtPdpK5 root@erickdalima3c.mylabserver.com"
                        },
                        "meta": {
                            "schema_version": "1"
                        },
                        "tainted": false
                    },
                    "deposed": [],
                    "provider": "provider.aws"
                },
                "aws_launch_configuration.wp_lc": {
                    "type": "aws_launch_configuration",
                    "depends_on": [
                        "aws_ami_from_instance.wp_golden",
                        "aws_iam_instance_profile.s3_access_profile",
                        "aws_key_pair.wp_auth",
                        "aws_security_group.wp_private_sg"
                    ],
                    "primary": {
                        "id": "wp_lc-20190121204349368200000004",
                        "attributes": {
                            "associate_public_ip_address": "false",
                            "ebs_block_device.#": "0",
                            "ebs_optimized": "false",
                            "enable_monitoring": "true",
                            "ephemeral_block_device.#": "0",
                            "iam_instance_profile": "s3_access",
                            "id": "wp_lc-20190121204349368200000004",
                            "image_id": "ami-0783045479f27b5b1",
                            "instance_type": "t2.micro",
                            "key_name": "kryptonite",
                            "name": "wp_lc-20190121204349368200000004",
                            "name_prefix": "wp_lc-",
                            "root_block_device.#": "0",
                            "security_groups.#": "1",
                            "security_groups.2995533065": "sg-067284887d880c493",
                            "spot_price": "",
                            "user_data": "c585cbf631c6dc07b3d0aed80d3e19d9147ae8fb",
                            "vpc_classic_link_id": "",
                            "vpc_classic_link_security_groups.#": "0"
                        },
                        "meta": {},
                        "tainted": false
                    },
                    "deposed": [],
                    "provider": "provider.aws"
                },
                "aws_route53_record.db": {
                    "type": "aws_route53_record",
                    "depends_on": [
                        "aws_db_instance.wp_db",
                        "aws_route53_zone.secondary"
                    ],
                    "primary": {
                        "id": "Z3HSYOZQUNTDS4_db.whereyouwant2.be_CNAME",
                        "attributes": {
                            "allow_overwrite": "true",
                            "fqdn": "db.whereyouwant2.be",
                            "health_check_id": "",
                            "id": "Z3HSYOZQUNTDS4_db.whereyouwant2.be_CNAME",
                            "name": "db.whereyouwant2.be",
                            "records.#": "1",
                            "records.2680188981": "terraform-20190121203747492000000003.cmtkauabtg67.us-west-2.rds.amazonaws.com",
                            "set_identifier": "",
                            "ttl": "300",
                            "type": "CNAME",
                            "zone_id": "Z3HSYOZQUNTDS4"
                        },
                        "meta": {
                            "schema_version": "2"
                        },
                        "tainted": false
                    },
                    "deposed": [],
                    "provider": "provider.aws"
                },
                "aws_route53_record.dev": {
                    "type": "aws_route53_record",
                    "depends_on": [
                        "aws_instance.wp_dev",
                        "aws_route53_zone.primary"
                    ],
                    "primary": {
                        "id": "Z33WXT9PISDT5Q_dev.whereyouwant2.be_A",
                        "attributes": {
                            "allow_overwrite": "true",
                            "fqdn": "dev.whereyouwant2.be",
                            "health_check_id": "",
                            "id": "Z33WXT9PISDT5Q_dev.whereyouwant2.be_A",
                            "name": "dev.whereyouwant2.be",
                            "records.#": "1",
                            "records.4062309266": "54.70.235.92",
                            "set_identifier": "",
                            "ttl": "300",
                            "type": "A",
                            "zone_id": "Z33WXT9PISDT5Q"
                        },
                        "meta": {
                            "schema_version": "2"
                        },
                        "tainted": false
                    },
                    "deposed": [],
                    "provider": "provider.aws"
                },
                "aws_route53_record.www": {
                    "type": "aws_route53_record",
                    "depends_on": [
                        "aws_elb.wp_elb",
                        "aws_route53_zone.primary"
                    ],
                    "primary": {
                        "id": "Z33WXT9PISDT5Q_www.whereyouwant2.be_A",
                        "attributes": {
                            "alias.#": "1",
                            "alias.2693900316.evaluate_target_health": "false",
                            "alias.2693900316.name": "whereyouwant2-elb-2135718091.us-west-2.elb.amazonaws.com",
                            "alias.2693900316.zone_id": "Z1H1FL5HABSF5",
                            "allow_overwrite": "true",
                            "fqdn": "www.whereyouwant2.be",
                            "health_check_id": "",
                            "id": "Z33WXT9PISDT5Q_www.whereyouwant2.be_A",
                            "name": "www.whereyouwant2.be",
                            "records.#": "0",
                            "set_identifier": "",
                            "ttl": "0",
                            "type": "A",
                            "zone_id": "Z33WXT9PISDT5Q"
                        },
                        "meta": {
                            "schema_version": "2"
                        },
                        "tainted": false
                    },
                    "deposed": [],
                    "provider": "provider.aws"
                },
                "aws_route53_zone.primary": {
                    "type": "aws_route53_zone",
                    "depends_on": [],
                    "primary": {
                        "id": "Z33WXT9PISDT5Q",
                        "attributes": {
                            "comment": "Managed by Terraform",
                            "delegation_set_id": "N8YLE5Z92INU6",
                            "force_destroy": "false",
                            "id": "Z33WXT9PISDT5Q",
                            "name": "whereyouwant2.be.",
                            "name_servers.#": "4",
                            "name_servers.0": "ns-1140.awsdns-14.org",
                            "name_servers.1": "ns-1590.awsdns-06.co.uk",
                            "name_servers.2": "ns-216.awsdns-27.com",
                            "name_servers.3": "ns-789.awsdns-34.net",
                            "tags.%": "0",
                            "vpc.#": "0",
                            "vpc_id": "",
                            "vpc_region": "",
                            "zone_id": "Z33WXT9PISDT5Q"
                        },
                        "meta": {},
                        "tainted": false
                    },
                    "deposed": [],
                    "provider": "provider.aws"
                },
                "aws_route53_zone.secondary": {
                    "type": "aws_route53_zone",
                    "depends_on": [
                        "aws_vpc.wp_vpc"
                    ],
                    "primary": {
                        "id": "Z3HSYOZQUNTDS4",
                        "attributes": {
                            "comment": "Managed by Terraform",
                            "delegation_set_id": "",
                            "force_destroy": "false",
                            "id": "Z3HSYOZQUNTDS4",
                            "name": "whereyouwant2.be.",
                            "name_servers.#": "4",
                            "name_servers.0": "ns-0.awsdns-00.com.",
                            "name_servers.1": "ns-1024.awsdns-00.org.",
                            "name_servers.2": "ns-1536.awsdns-00.co.uk.",
                            "name_servers.3": "ns-512.awsdns-00.net.",
                            "tags.%": "0",
                            "vpc.#": "1",
                            "vpc.3013688932.vpc_id": "vpc-06e4fd2c886eda708",
                            "vpc.3013688932.vpc_region": "us-west-2",
                            "vpc_id": "vpc-06e4fd2c886eda708",
                            "vpc_region": "us-west-2",
                            "zone_id": "Z3HSYOZQUNTDS4"
                        },
                        "meta": {},
                        "tainted": false
                    },
                    "deposed": [],
                    "provider": "provider.aws"
                },
                "aws_route_table.wp_public_rt": {
                    "type": "aws_route_table",
                    "depends_on": [
                        "aws_internet_gateway.wp_internet_gateway",
                        "aws_vpc.wp_vpc"
                    ],
                    "primary": {
                        "id": "rtb-0b00f50fcd16d4989",
                        "attributes": {
                            "id": "rtb-0b00f50fcd16d4989",
                            "owner_id": "853478862516",
                            "propagating_vgws.#": "0",
                            "route.#": "1",
                            "route.3615948156.cidr_block": "0.0.0.0/0",
                            "route.3615948156.egress_only_gateway_id": "",
                            "route.3615948156.gateway_id": "igw-0d0fc7721499a8078",
                            "route.3615948156.instance_id": "",
                            "route.3615948156.ipv6_cidr_block": "",
                            "route.3615948156.nat_gateway_id": "",
                            "route.3615948156.network_interface_id": "",
                            "route.3615948156.transit_gateway_id": "",
                            "route.3615948156.vpc_peering_connection_id": "",
                            "tags.%": "1",
                            "tags.Name": "wp_public",
                            "vpc_id": "vpc-06e4fd2c886eda708"
                        },
                        "meta": {},
                        "tainted": false
                    },
                    "deposed": [],
                    "provider": "provider.aws"
                },
                "aws_route_table_association.wp_private1_assoc": {
                    "type": "aws_route_table_association",
                    "depends_on": [
                        "aws_default_route_table.wp_private_rt",
                        "aws_subnet.wp_private1_subnet"
                    ],
                    "primary": {
                        "id": "rtbassoc-03d96d14ccfce29eb",
                        "attributes": {
                            "id": "rtbassoc-03d96d14ccfce29eb",
                            "route_table_id": "rtb-0ee28c1fa8787d36d",
                            "subnet_id": "subnet-0dc1acdaccd4c1e95"
                        },
                        "meta": {},
                        "tainted": false
                    },
                    "deposed": [],
                    "provider": "provider.aws"
                },
                "aws_route_table_association.wp_private2_assoc": {
                    "type": "aws_route_table_association",
                    "depends_on": [
                        "aws_default_route_table.wp_private_rt",
                        "aws_subnet.wp_private2_subnet"
                    ],
                    "primary": {
                        "id": "rtbassoc-0d4f5d57f3a6a3e47",
                        "attributes": {
                            "id": "rtbassoc-0d4f5d57f3a6a3e47",
                            "route_table_id": "rtb-0ee28c1fa8787d36d",
                            "subnet_id": "subnet-0bc1e7be400407a19"
                        },
                        "meta": {},
                        "tainted": false
                    },
                    "deposed": [],
                    "provider": "provider.aws"
                },
                "aws_route_table_association.wp_public2_assoc": {
                    "type": "aws_route_table_association",
                    "depends_on": [
                        "aws_route_table.wp_public_rt",
                        "aws_subnet.wp_public2_subnet"
                    ],
                    "primary": {
                        "id": "rtbassoc-0300bda065c10aadc",
                        "attributes": {
                            "id": "rtbassoc-0300bda065c10aadc",
                            "route_table_id": "rtb-0b00f50fcd16d4989",
                            "subnet_id": "subnet-083185785f8e02d22"
                        },
                        "meta": {},
                        "tainted": false
                    },
                    "deposed": [],
                    "provider": "provider.aws"
                },
                "aws_route_table_association.wp_public_assoc": {
                    "type": "aws_route_table_association",
                    "depends_on": [
                        "aws_route_table.wp_public_rt",
                        "aws_subnet.wp_public1_subnet"
                    ],
                    "primary": {
                        "id": "rtbassoc-02f9c48f2be5df6b6",
                        "attributes": {
                            "id": "rtbassoc-02f9c48f2be5df6b6",
                            "route_table_id": "rtb-0b00f50fcd16d4989",
                            "subnet_id": "subnet-03b3ab2eca00e3f35"
                        },
                        "meta": {},
                        "tainted": false
                    },
                    "deposed": [],
                    "provider": "provider.aws"
                },
                "aws_s3_bucket.code": {
                    "type": "aws_s3_bucket",
                    "depends_on": [
                        "random_id.wp_code_bucket"
                    ],
                    "primary": {
                        "id": "whereyouwant2-44254",
                        "attributes": {
                            "acceleration_status": "",
                            "acl": "private",
                            "arn": "arn:aws:s3:::whereyouwant2-44254",
                            "bucket": "whereyouwant2-44254",
                            "bucket_domain_name": "whereyouwant2-44254.s3.amazonaws.com",
                            "bucket_regional_domain_name": "whereyouwant2-44254.s3.us-west-2.amazonaws.com",
                            "cors_rule.#": "0",
                            "force_destroy": "true",
                            "hosted_zone_id": "Z3BJ6K6RIION7M",
                            "id": "whereyouwant2-44254",
                            "lifecycle_rule.#": "0",
                            "logging.#": "0",
                            "region": "us-west-2",
                            "replication_configuration.#": "0",
                            "request_payer": "BucketOwner",
                            "server_side_encryption_configuration.#": "0",
                            "tags.%": "1",
                            "tags.Name": "code bucket",
                            "versioning.#": "1",
                            "versioning.0.enabled": "false",
                            "versioning.0.mfa_delete": "false",
                            "website.#": "0"
                        },
                        "meta": {},
                        "tainted": false
                    },
                    "deposed": [],
                    "provider": "provider.aws"
                },
                "aws_security_group.wp_dev_sg": {
                    "type": "aws_security_group",
                    "depends_on": [
                        "aws_vpc.wp_vpc"
                    ],
                    "primary": {
                        "id": "sg-02de2c9d2ee4b307c",
                        "attributes": {
                            "arn": "arn:aws:ec2:us-west-2:853478862516:security-group/sg-02de2c9d2ee4b307c",
                            "description": "Used for access to the dev instance",
                            "egress.#": "1",
                            "egress.482069346.cidr_blocks.#": "1",
                            "egress.482069346.cidr_blocks.0": "0.0.0.0/0",
                            "egress.482069346.description": "",
                            "egress.482069346.from_port": "0",
                            "egress.482069346.ipv6_cidr_blocks.#": "0",
                            "egress.482069346.prefix_list_ids.#": "0",
                            "egress.482069346.protocol": "-1",
                            "egress.482069346.security_groups.#": "0",
                            "egress.482069346.self": "false",
                            "egress.482069346.to_port": "0",
                            "id": "sg-02de2c9d2ee4b307c",
                            "ingress.#": "2",
                            "ingress.1948925912.cidr_blocks.#": "1",
                            "ingress.1948925912.cidr_blocks.0": "54.183.243.193/32",
                            "ingress.1948925912.description": "",
                            "ingress.1948925912.from_port": "22",
                            "ingress.1948925912.ipv6_cidr_blocks.#": "0",
                            "ingress.1948925912.prefix_list_ids.#": "0",
                            "ingress.1948925912.protocol": "tcp",
                            "ingress.1948925912.security_groups.#": "0",
                            "ingress.1948925912.self": "false",
                            "ingress.1948925912.to_port": "22",
                            "ingress.2229630007.cidr_blocks.#": "1",
                            "ingress.2229630007.cidr_blocks.0": "172.250.191.248/32",
                            "ingress.2229630007.description": "",
                            "ingress.2229630007.from_port": "80",
                            "ingress.2229630007.ipv6_cidr_blocks.#": "0",
                            "ingress.2229630007.prefix_list_ids.#": "0",
                            "ingress.2229630007.protocol": "tcp",
                            "ingress.2229630007.security_groups.#": "0",
                            "ingress.2229630007.self": "false",
                            "ingress.2229630007.to_port": "80",
                            "name": "wp_dev_sg",
                            "owner_id": "853478862516",
                            "revoke_rules_on_delete": "false",
                            "tags.%": "0",
                            "vpc_id": "vpc-06e4fd2c886eda708"
                        },
                        "meta": {
                            "e2bfb730-ecaa-11e6-8f88-34363bc7c4c0": {
                                "create": 600000000000,
                                "delete": 600000000000
                            },
                            "schema_version": "1"
                        },
                        "tainted": false
                    },
                    "deposed": [],
                    "provider": "provider.aws"
                },
                "aws_security_group.wp_private_sg": {
                    "type": "aws_security_group",
                    "depends_on": [
                        "aws_vpc.wp_vpc"
                    ],
                    "primary": {
                        "id": "sg-067284887d880c493",
                        "attributes": {
                            "arn": "arn:aws:ec2:us-west-2:853478862516:security-group/sg-067284887d880c493",
                            "description": "Used for private instances",
                            "egress.#": "1",
                            "egress.482069346.cidr_blocks.#": "1",
                            "egress.482069346.cidr_blocks.0": "0.0.0.0/0",
                            "egress.482069346.description": "",
                            "egress.482069346.from_port": "0",
                            "egress.482069346.ipv6_cidr_blocks.#": "0",
                            "egress.482069346.prefix_list_ids.#": "0",
                            "egress.482069346.protocol": "-1",
                            "egress.482069346.security_groups.#": "0",
                            "egress.482069346.self": "false",
                            "egress.482069346.to_port": "0",
                            "id": "sg-067284887d880c493",
                            "ingress.#": "1",
                            "ingress.1960698028.cidr_blocks.#": "1",
                            "ingress.1960698028.cidr_blocks.0": "10.0.0.0/16",
                            "ingress.1960698028.description": "",
                            "ingress.1960698028.from_port": "0",
                            "ingress.1960698028.ipv6_cidr_blocks.#": "0",
                            "ingress.1960698028.prefix_list_ids.#": "0",
                            "ingress.1960698028.protocol": "-1",
                            "ingress.1960698028.security_groups.#": "0",
                            "ingress.1960698028.self": "false",
                            "ingress.1960698028.to_port": "0",
                            "name": "wp_private_sg",
                            "owner_id": "853478862516",
                            "revoke_rules_on_delete": "false",
                            "tags.%": "0",
                            "vpc_id": "vpc-06e4fd2c886eda708"
                        },
                        "meta": {
                            "e2bfb730-ecaa-11e6-8f88-34363bc7c4c0": {
                                "create": 600000000000,
                                "delete": 600000000000
                            },
                            "schema_version": "1"
                        },
                        "tainted": false
                    },
                    "deposed": [],
                    "provider": "provider.aws"
                },
                "aws_security_group.wp_public_sg": {
                    "type": "aws_security_group",
                    "depends_on": [
                        "aws_vpc.wp_vpc"
                    ],
                    "primary": {
                        "id": "sg-0717e65172f5de588",
                        "attributes": {
                            "arn": "arn:aws:ec2:us-west-2:853478862516:security-group/sg-0717e65172f5de588",
                            "description": "Used for public and private instances for load balancer access",
                            "egress.#": "1",
                            "egress.482069346.cidr_blocks.#": "1",
                            "egress.482069346.cidr_blocks.0": "0.0.0.0/0",
                            "egress.482069346.description": "",
                            "egress.482069346.from_port": "0",
                            "egress.482069346.ipv6_cidr_blocks.#": "0",
                            "egress.482069346.prefix_list_ids.#": "0",
                            "egress.482069346.protocol": "-1",
                            "egress.482069346.security_groups.#": "0",
                            "egress.482069346.self": "false",
                            "egress.482069346.to_port": "0",
                            "id": "sg-0717e65172f5de588",
                            "ingress.#": "1",
                            "ingress.2214680975.cidr_blocks.#": "1",
                            "ingress.2214680975.cidr_blocks.0": "0.0.0.0/0",
                            "ingress.2214680975.description": "",
                            "ingress.2214680975.from_port": "80",
                            "ingress.2214680975.ipv6_cidr_blocks.#": "0",
                            "ingress.2214680975.prefix_list_ids.#": "0",
                            "ingress.2214680975.protocol": "tcp",
                            "ingress.2214680975.security_groups.#": "0",
                            "ingress.2214680975.self": "false",
                            "ingress.2214680975.to_port": "80",
                            "name": "wp_public_sg",
                            "owner_id": "853478862516",
                            "revoke_rules_on_delete": "false",
                            "tags.%": "0",
                            "vpc_id": "vpc-06e4fd2c886eda708"
                        },
                        "meta": {
                            "e2bfb730-ecaa-11e6-8f88-34363bc7c4c0": {
                                "create": 600000000000,
                                "delete": 600000000000
                            },
                            "schema_version": "1"
                        },
                        "tainted": false
                    },
                    "deposed": [],
                    "provider": "provider.aws"
                },
                "aws_security_group.wp_rds_sg": {
                    "type": "aws_security_group",
                    "depends_on": [
                        "aws_security_group.wp_dev_sg",
                        "aws_security_group.wp_private_sg",
                        "aws_security_group.wp_public_sg",
                        "aws_vpc.wp_vpc"
                    ],
                    "primary": {
                        "id": "sg-0c32e68f2acec136b",
                        "attributes": {
                            "arn": "arn:aws:ec2:us-west-2:853478862516:security-group/sg-0c32e68f2acec136b",
                            "description": "Used for DB instances",
                            "egress.#": "0",
                            "id": "sg-0c32e68f2acec136b",
                            "ingress.#": "1",
                            "ingress.2414072785.cidr_blocks.#": "0",
                            "ingress.2414072785.description": "",
                            "ingress.2414072785.from_port": "0",
                            "ingress.2414072785.ipv6_cidr_blocks.#": "0",
                            "ingress.2414072785.prefix_list_ids.#": "0",
                            "ingress.2414072785.protocol": "-1",
                            "ingress.2414072785.security_groups.#": "3",
                            "ingress.2414072785.security_groups.1665642569": "sg-02de2c9d2ee4b307c",
                            "ingress.2414072785.security_groups.2995533065": "sg-067284887d880c493",
                            "ingress.2414072785.security_groups.342851078": "sg-0717e65172f5de588",
                            "ingress.2414072785.self": "false",
                            "ingress.2414072785.to_port": "0",
                            "name": "wp_rds_sg",
                            "owner_id": "853478862516",
                            "revoke_rules_on_delete": "false",
                            "tags.%": "0",
                            "vpc_id": "vpc-06e4fd2c886eda708"
                        },
                        "meta": {
                            "e2bfb730-ecaa-11e6-8f88-34363bc7c4c0": {
                                "create": 600000000000,
                                "delete": 600000000000
                            },
                            "schema_version": "1"
                        },
                        "tainted": false
                    },
                    "deposed": [],
                    "provider": "provider.aws"
                },
                "aws_subnet.wp_private1_subnet": {
                    "type": "aws_subnet",
                    "depends_on": [
                        "aws_vpc.wp_vpc",
                        "data.aws_availability_zones.available"
                    ],
                    "primary": {
                        "id": "subnet-0dc1acdaccd4c1e95",
                        "attributes": {
                            "arn": "arn:aws:ec2:us-west-2:853478862516:subnet/subnet-0dc1acdaccd4c1e95",
                            "assign_ipv6_address_on_creation": "false",
                            "availability_zone": "us-west-2a",
                            "availability_zone_id": "usw2-az1",
                            "cidr_block": "10.0.3.0/24",
                            "id": "subnet-0dc1acdaccd4c1e95",
                            "ipv6_cidr_block": "",
                            "ipv6_cidr_block_association_id": "",
                            "map_public_ip_on_launch": "false",
                            "owner_id": "853478862516",
                            "tags.%": "1",
                            "tags.Name": "wp_private1",
                            "vpc_id": "vpc-06e4fd2c886eda708"
                        },
                        "meta": {
                            "e2bfb730-ecaa-11e6-8f88-34363bc7c4c0": {
                                "create": 600000000000,
                                "delete": 600000000000
                            },
                            "schema_version": "1"
                        },
                        "tainted": false
                    },
                    "deposed": [],
                    "provider": "provider.aws"
                },
                "aws_subnet.wp_private2_subnet": {
                    "type": "aws_subnet",
                    "depends_on": [
                        "aws_vpc.wp_vpc",
                        "data.aws_availability_zones.available"
                    ],
                    "primary": {
                        "id": "subnet-0bc1e7be400407a19",
                        "attributes": {
                            "arn": "arn:aws:ec2:us-west-2:853478862516:subnet/subnet-0bc1e7be400407a19",
                            "assign_ipv6_address_on_creation": "false",
                            "availability_zone": "us-west-2b",
                            "availability_zone_id": "usw2-az2",
                            "cidr_block": "10.0.4.0/24",
                            "id": "subnet-0bc1e7be400407a19",
                            "ipv6_cidr_block": "",
                            "ipv6_cidr_block_association_id": "",
                            "map_public_ip_on_launch": "false",
                            "owner_id": "853478862516",
                            "tags.%": "1",
                            "tags.Name": "wp_private2",
                            "vpc_id": "vpc-06e4fd2c886eda708"
                        },
                        "meta": {
                            "e2bfb730-ecaa-11e6-8f88-34363bc7c4c0": {
                                "create": 600000000000,
                                "delete": 600000000000
                            },
                            "schema_version": "1"
                        },
                        "tainted": false
                    },
                    "deposed": [],
                    "provider": "provider.aws"
                },
                "aws_subnet.wp_public1_subnet": {
                    "type": "aws_subnet",
                    "depends_on": [
                        "aws_vpc.wp_vpc",
                        "data.aws_availability_zones.available"
                    ],
                    "primary": {
                        "id": "subnet-03b3ab2eca00e3f35",
                        "attributes": {
                            "arn": "arn:aws:ec2:us-west-2:853478862516:subnet/subnet-03b3ab2eca00e3f35",
                            "assign_ipv6_address_on_creation": "false",
                            "availability_zone": "us-west-2a",
                            "availability_zone_id": "usw2-az1",
                            "cidr_block": "10.0.1.0/24",
                            "id": "subnet-03b3ab2eca00e3f35",
                            "ipv6_cidr_block": "",
                            "ipv6_cidr_block_association_id": "",
                            "map_public_ip_on_launch": "true",
                            "owner_id": "853478862516",
                            "tags.%": "1",
                            "tags.Name": "wp_public1",
                            "vpc_id": "vpc-06e4fd2c886eda708"
                        },
                        "meta": {
                            "e2bfb730-ecaa-11e6-8f88-34363bc7c4c0": {
                                "create": 600000000000,
                                "delete": 600000000000
                            },
                            "schema_version": "1"
                        },
                        "tainted": false
                    },
                    "deposed": [],
                    "provider": "provider.aws"
                },
                "aws_subnet.wp_public2_subnet": {
                    "type": "aws_subnet",
                    "depends_on": [
                        "aws_vpc.wp_vpc",
                        "data.aws_availability_zones.available"
                    ],
                    "primary": {
                        "id": "subnet-083185785f8e02d22",
                        "attributes": {
                            "arn": "arn:aws:ec2:us-west-2:853478862516:subnet/subnet-083185785f8e02d22",
                            "assign_ipv6_address_on_creation": "false",
                            "availability_zone": "us-west-2b",
                            "availability_zone_id": "usw2-az2",
                            "cidr_block": "10.0.2.0/24",
                            "id": "subnet-083185785f8e02d22",
                            "ipv6_cidr_block": "",
                            "ipv6_cidr_block_association_id": "",
                            "map_public_ip_on_launch": "true",
                            "owner_id": "853478862516",
                            "tags.%": "1",
                            "tags.Name": "wp_public2",
                            "vpc_id": "vpc-06e4fd2c886eda708"
                        },
                        "meta": {
                            "e2bfb730-ecaa-11e6-8f88-34363bc7c4c0": {
                                "create": 600000000000,
                                "delete": 600000000000
                            },
                            "schema_version": "1"
                        },
                        "tainted": false
                    },
                    "deposed": [],
                    "provider": "provider.aws"
                },
                "aws_subnet.wp_rds1_subnet": {
                    "type": "aws_subnet",
                    "depends_on": [
                        "aws_vpc.wp_vpc",
                        "data.aws_availability_zones.available"
                    ],
                    "primary": {
                        "id": "subnet-0e1648382eccb0a40",
                        "attributes": {
                            "arn": "arn:aws:ec2:us-west-2:853478862516:subnet/subnet-0e1648382eccb0a40",
                            "assign_ipv6_address_on_creation": "false",
                            "availability_zone": "us-west-2a",
                            "availability_zone_id": "usw2-az1",
                            "cidr_block": "10.0.5.0/24",
                            "id": "subnet-0e1648382eccb0a40",
                            "ipv6_cidr_block": "",
                            "ipv6_cidr_block_association_id": "",
                            "map_public_ip_on_launch": "false",
                            "owner_id": "853478862516",
                            "tags.%": "1",
                            "tags.Name": "wp_rds1",
                            "vpc_id": "vpc-06e4fd2c886eda708"
                        },
                        "meta": {
                            "e2bfb730-ecaa-11e6-8f88-34363bc7c4c0": {
                                "create": 600000000000,
                                "delete": 600000000000
                            },
                            "schema_version": "1"
                        },
                        "tainted": false
                    },
                    "deposed": [],
                    "provider": "provider.aws"
                },
                "aws_subnet.wp_rds2_subnet": {
                    "type": "aws_subnet",
                    "depends_on": [
                        "aws_vpc.wp_vpc",
                        "data.aws_availability_zones.available"
                    ],
                    "primary": {
                        "id": "subnet-0abbf8bc96f86290f",
                        "attributes": {
                            "arn": "arn:aws:ec2:us-west-2:853478862516:subnet/subnet-0abbf8bc96f86290f",
                            "assign_ipv6_address_on_creation": "false",
                            "availability_zone": "us-west-2b",
                            "availability_zone_id": "usw2-az2",
                            "cidr_block": "10.0.6.0/24",
                            "id": "subnet-0abbf8bc96f86290f",
                            "ipv6_cidr_block": "",
                            "ipv6_cidr_block_association_id": "",
                            "map_public_ip_on_launch": "false",
                            "owner_id": "853478862516",
                            "tags.%": "1",
                            "tags.Name": "wp_rds2",
                            "vpc_id": "vpc-06e4fd2c886eda708"
                        },
                        "meta": {
                            "e2bfb730-ecaa-11e6-8f88-34363bc7c4c0": {
                                "create": 600000000000,
                                "delete": 600000000000
                            },
                            "schema_version": "1"
                        },
                        "tainted": false
                    },
                    "deposed": [],
                    "provider": "provider.aws"
                },
                "aws_subnet.wp_rds3_subnet": {
                    "type": "aws_subnet",
                    "depends_on": [
                        "aws_vpc.wp_vpc",
                        "data.aws_availability_zones.available"
                    ],
                    "primary": {
                        "id": "subnet-09ba072ffe918bfea",
                        "attributes": {
                            "arn": "arn:aws:ec2:us-west-2:853478862516:subnet/subnet-09ba072ffe918bfea",
                            "assign_ipv6_address_on_creation": "false",
                            "availability_zone": "us-west-2c",
                            "availability_zone_id": "usw2-az3",
                            "cidr_block": "10.0.7.0/24",
                            "id": "subnet-09ba072ffe918bfea",
                            "ipv6_cidr_block": "",
                            "ipv6_cidr_block_association_id": "",
                            "map_public_ip_on_launch": "false",
                            "owner_id": "853478862516",
                            "tags.%": "1",
                            "tags.Name": "wp_rds3",
                            "vpc_id": "vpc-06e4fd2c886eda708"
                        },
                        "meta": {
                            "e2bfb730-ecaa-11e6-8f88-34363bc7c4c0": {
                                "create": 600000000000,
                                "delete": 600000000000
                            },
                            "schema_version": "1"
                        },
                        "tainted": false
                    },
                    "deposed": [],
                    "provider": "provider.aws"
                },
                "aws_vpc.wp_vpc": {
                    "type": "aws_vpc",
                    "depends_on": [],
                    "primary": {
                        "id": "vpc-06e4fd2c886eda708",
                        "attributes": {
                            "arn": "arn:aws:ec2:us-west-2:853478862516:vpc/vpc-06e4fd2c886eda708",
                            "assign_generated_ipv6_cidr_block": "false",
                            "cidr_block": "10.0.0.0/16",
                            "default_network_acl_id": "acl-0e4684cca3ecdc87e",
                            "default_route_table_id": "rtb-0ee28c1fa8787d36d",
                            "default_security_group_id": "sg-04df3cb8242398262",
                            "dhcp_options_id": "dopt-4bb84233",
                            "enable_classiclink": "false",
                            "enable_classiclink_dns_support": "false",
                            "enable_dns_hostnames": "true",
                            "enable_dns_support": "true",
                            "id": "vpc-06e4fd2c886eda708",
                            "instance_tenancy": "default",
                            "ipv6_association_id": "",
                            "ipv6_cidr_block": "",
                            "main_route_table_id": "rtb-0ee28c1fa8787d36d",
                            "owner_id": "853478862516",
                            "tags.%": "1",
                            "tags.Name": "wp_vpc"
                        },
                        "meta": {
                            "schema_version": "1"
                        },
                        "tainted": false
                    },
                    "deposed": [],
                    "provider": "provider.aws"
                },
                "aws_vpc_endpoint.wp_private-s3_endpoint": {
                    "type": "aws_vpc_endpoint",
                    "depends_on": [
                        "aws_route_table.wp_public_rt",
                        "aws_vpc.wp_vpc"
                    ],
                    "primary": {
                        "id": "vpce-009769b2c9aae7fc7",
                        "attributes": {
                            "cidr_blocks.#": "3",
                            "cidr_blocks.0": "54.231.160.0/19",
                            "cidr_blocks.1": "52.218.128.0/17",
                            "cidr_blocks.2": "52.92.32.0/22",
                            "dns_entry.#": "0",
                            "id": "vpce-009769b2c9aae7fc7",
                            "network_interface_ids.#": "0",
                            "policy": "{\"Statement\":[{\"Action\":\"*\",\"Effect\":\"Allow\",\"Principal\":\"*\",\"Resource\":\"*\"}],\"Version\":\"2008-10-17\"}",
                            "prefix_list_id": "pl-68a54001",
                            "private_dns_enabled": "false",
                            "route_table_ids.#": "2",
                            "route_table_ids.297905534": "rtb-0ee28c1fa8787d36d",
                            "route_table_ids.372864287": "rtb-0b00f50fcd16d4989",
                            "security_group_ids.#": "0",
                            "service_name": "com.amazonaws.us-west-2.s3",
                            "state": "available",
                            "subnet_ids.#": "0",
                            "vpc_endpoint_type": "Gateway",
                            "vpc_id": "vpc-06e4fd2c886eda708"
                        },
                        "meta": {
                            "e2bfb730-ecaa-11e6-8f88-34363bc7c4c0": {
                                "create": 600000000000,
                                "delete": 600000000000,
                                "update": 600000000000
                            }
                        },
                        "tainted": false
                    },
                    "deposed": [],
                    "provider": "provider.aws"
                },
                "data.aws_availability_zones.available": {
                    "type": "aws_availability_zones",
                    "depends_on": [],
                    "primary": {
                        "id": "2019-01-21 20:54:48.208098891 +0000 UTC",
                        "attributes": {
                            "id": "2019-01-21 20:54:48.208098891 +0000 UTC",
                            "names.#": "3",
                            "names.0": "us-west-2a",
                            "names.1": "us-west-2b",
                            "names.2": "us-west-2c",
                            "zone_ids.#": "3",
                            "zone_ids.0": "usw2-az1",
                            "zone_ids.1": "usw2-az2",
                            "zone_ids.2": "usw2-az3"
                        },
                        "meta": {},
                        "tainted": false
                    },
                    "deposed": [],
                    "provider": "provider.aws"
                },
                "random_id.golden_ami": {
                    "type": "random_id",
                    "depends_on": [],
                    "primary": {
                        "id": "uFQe8NdHLqs",
                        "attributes": {
                            "b64": "uFQe8NdHLqs",
                            "b64_std": "uFQe8NdHLqs=",
                            "b64_url": "uFQe8NdHLqs",
                            "byte_length": "8",
                            "dec": "13282275220775186091",
                            "hex": "b8541ef0d7472eab",
                            "id": "uFQe8NdHLqs"
                        },
                        "meta": {},
                        "tainted": false
                    },
                    "deposed": [],
                    "provider": "provider.random"
                },
                "random_id.wp_code_bucket": {
                    "type": "random_id",
                    "depends_on": [],
                    "primary": {
                        "id": "rN4",
                        "attributes": {
                            "b64": "rN4",
                            "b64_std": "rN4=",
                            "b64_url": "rN4",
                            "byte_length": "2",
                            "dec": "44254",
                            "hex": "acde",
                            "id": "rN4"
                        },
                        "meta": {},
                        "tainted": false
                    },
                    "deposed": [],
                    "provider": "provider.random"
                }
            },
            "depends_on": []
        }
    ]
}
